
Microsoft Visual Studio Solution File, Format Version 12.00
# Visual Studio Version 17
VisualStudioVersion = 17.8.34309.116
MinimumVisualStudioVersion = 10.0.40219.1
Project("{9A19103F-16F7-4668-BE54-9A1E7A4F7556}") = "SimpleCRUD&Query", "SimpleCRUD&Query\SimpleCRUD&Query.csproj", "{CDBAFC3E-137B-41AF-9312-6E1C9E56D1E8}"
EndProject
Project("{9A19103F-16F7-4668-BE54-9A1E7A4F7556}") = "Functions", "Functions\Functions.csproj", "{A80AAF6D-E643-4915-B647-84982BA4F1FE}"
EndProject
Project("{9A19103F-16F7-4668-BE54-9A1E7A4F7556}") = "ChangeTracker", "ChangeTracker\ChangeTracker.csproj", "{5C8FE3B7-3FF6-48E2-A857-27C686654C97}"
EndProject
Project("{9A19103F-16F7-4668-BE54-9A1E7A4F7556}") = "DataRelationships", "DataRelationships\DataRelationships.csproj", "{DE361862-AE91-408D-9718-25A2D264C4C7}"
EndProject
Project("{9A19103F-16F7-4668-BE54-9A1E7A4F7556}") = "BackingFieldsAndShadowProp", "BackingFieldsAndShadowProp\BackingFieldsAndShadowProp.csproj", "{B937389C-5A4B-482F-8D98-06F70C72C5EF}"
EndProject
Project("{9A19103F-16F7-4668-BE54-9A1E7A4F7556}") = "EntityFeatures", "EntityFeatures\EntityFeatures.csproj", "{704AC712-37FE-4D9D-BCA8-662E28AEAE55}"
EndProject
Project("{9A19103F-16F7-4668-BE54-9A1E7A4F7556}") = "GeneratedValues", "GeneratedValues\GeneratedValues.csproj", "{CC8AD4FB-2E3A-439F-A74B-2954DF75ED5E}"
EndProject
Project("{9A19103F-16F7-4668-BE54-9A1E7A4F7556}") = "ComplexJoinQueries", "ComplexJoinQueries\ComplexJoinQueries.csproj", "{4058C4B5-8D5E-4F3E-A948-82523F3BF320}"
EndProject
Project("{9A19103F-16F7-4668-BE54-9A1E7A4F7556}") = "IEntityType&SeedData", "IEntityType&SeedData\IEntityType&SeedData.csproj", "{E3DE31D4-A849-4ED2-9431-D3693E8A2B14}"
EndProject
Project("{9A19103F-16F7-4668-BE54-9A1E7A4F7556}") = "TPH&TPT&TPT", "TPH&TPT&TPT\TPH&TPT&TPT.csproj", "{E9686220-C561-4B4B-8075-498C5872F8D0}"
EndProject
Project("{9A19103F-16F7-4668-BE54-9A1E7A4F7556}") = "Constraints", "Constraints\Constraints.csproj", "{2B8765E1-8217-4A61-AA72-73FE8AC5E6F4}"
EndProject
Project("{FAE04EC0-301F-11D3-BF4B-00C04F79EFBC}") = "Indexes", "Indexes\Indexes.csproj", "{5A8AB0BD-2C02-4F5E-9297-1FB9133F1843}"
EndProject
Global
	GlobalSection(SolutionConfigurationPlatforms) = preSolution
		Debug|Any CPU = Debug|Any CPU
		Release|Any CPU = Release|Any CPU
	EndGlobalSection
	GlobalSection(ProjectConfigurationPlatforms) = postSolution
		{CDBAFC3E-137B-41AF-9312-6E1C9E56D1E8}.Debug|Any CPU.ActiveCfg = Debug|Any CPU
		{CDBAFC3E-137B-41AF-9312-6E1C9E56D1E8}.Debug|Any CPU.Build.0 = Debug|Any CPU
		{CDBAFC3E-137B-41AF-9312-6E1C9E56D1E8}.Release|Any CPU.ActiveCfg = Release|Any CPU
		{CDBAFC3E-137B-41AF-9312-6E1C9E56D1E8}.Release|Any CPU.Build.0 = Release|Any CPU
		{A80AAF6D-E643-4915-B647-84982BA4F1FE}.Debug|Any CPU.ActiveCfg = Debug|Any CPU
		{A80AAF6D-E643-4915-B647-84982BA4F1FE}.Debug|Any CPU.Build.0 = Debug|Any CPU
		{A80AAF6D-E643-4915-B647-84982BA4F1FE}.Release|Any CPU.ActiveCfg = Release|Any CPU
		{A80AAF6D-E643-4915-B647-84982BA4F1FE}.Release|Any CPU.Build.0 = Release|Any CPU
		{5C8FE3B7-3FF6-48E2-A857-27C686654C97}.Debug|Any CPU.ActiveCfg = Debug|Any CPU
		{5C8FE3B7-3FF6-48E2-A857-27C686654C97}.Debug|Any CPU.Build.0 = Debug|Any CPU
		{5C8FE3B7-3FF6-48E2-A857-27C686654C97}.Release|Any CPU.ActiveCfg = Release|Any CPU
		{5C8FE3B7-3FF6-48E2-A857-27C686654C97}.Release|Any CPU.Build.0 = Release|Any CPU
		{DE361862-AE91-408D-9718-25A2D264C4C7}.Debug|Any CPU.ActiveCfg = Debug|Any CPU
		{DE361862-AE91-408D-9718-25A2D264C4C7}.Debug|Any CPU.Build.0 = Debug|Any CPU
		{DE361862-AE91-408D-9718-25A2D264C4C7}.Release|Any CPU.ActiveCfg = Release|Any CPU
		{DE361862-AE91-408D-9718-25A2D264C4C7}.Release|Any CPU.Build.0 = Release|Any CPU
		{B937389C-5A4B-482F-8D98-06F70C72C5EF}.Debug|Any CPU.ActiveCfg = Debug|Any CPU
		{B937389C-5A4B-482F-8D98-06F70C72C5EF}.Debug|Any CPU.Build.0 = Debug|Any CPU
		{B937389C-5A4B-482F-8D98-06F70C72C5EF}.Release|Any CPU.ActiveCfg = Release|Any CPU
		{B937389C-5A4B-482F-8D98-06F70C72C5EF}.Release|Any CPU.Build.0 = Release|Any CPU
		{704AC712-37FE-4D9D-BCA8-662E28AEAE55}.Debug|Any CPU.ActiveCfg = Debug|Any CPU
		{704AC712-37FE-4D9D-BCA8-662E28AEAE55}.Debug|Any CPU.Build.0 = Debug|Any CPU
		{704AC712-37FE-4D9D-BCA8-662E28AEAE55}.Release|Any CPU.ActiveCfg = Release|Any CPU
		{704AC712-37FE-4D9D-BCA8-662E28AEAE55}.Release|Any CPU.Build.0 = Release|Any CPU
		{CC8AD4FB-2E3A-439F-A74B-2954DF75ED5E}.Debug|Any CPU.ActiveCfg = Debug|Any CPU
		{CC8AD4FB-2E3A-439F-A74B-2954DF75ED5E}.Debug|Any CPU.Build.0 = Debug|Any CPU
		{CC8AD4FB-2E3A-439F-A74B-2954DF75ED5E}.Release|Any CPU.ActiveCfg = Release|Any CPU
		{CC8AD4FB-2E3A-439F-A74B-2954DF75ED5E}.Release|Any CPU.Build.0 = Release|Any CPU
		{4058C4B5-8D5E-4F3E-A948-82523F3BF320}.Debug|Any CPU.ActiveCfg = Debug|Any CPU
		{4058C4B5-8D5E-4F3E-A948-82523F3BF320}.Debug|Any CPU.Build.0 = Debug|Any CPU
		{4058C4B5-8D5E-4F3E-A948-82523F3BF320}.Release|Any CPU.ActiveCfg = Release|Any CPU
		{4058C4B5-8D5E-4F3E-A948-82523F3BF320}.Release|Any CPU.Build.0 = Release|Any CPU
		{E3DE31D4-A849-4ED2-9431-D3693E8A2B14}.Debug|Any CPU.ActiveCfg = Debug|Any CPU
		{E3DE31D4-A849-4ED2-9431-D3693E8A2B14}.Debug|Any CPU.Build.0 = Debug|Any CPU
		{E3DE31D4-A849-4ED2-9431-D3693E8A2B14}.Release|Any CPU.ActiveCfg = Release|Any CPU
		{E3DE31D4-A849-4ED2-9431-D3693E8A2B14}.Release|Any CPU.Build.0 = Release|Any CPU
		{E9686220-C561-4B4B-8075-498C5872F8D0}.Debug|Any CPU.ActiveCfg = Debug|Any CPU
		{E9686220-C561-4B4B-8075-498C5872F8D0}.Debug|Any CPU.Build.0 = Debug|Any CPU
		{E9686220-C561-4B4B-8075-498C5872F8D0}.Release|Any CPU.ActiveCfg = Release|Any CPU
		{E9686220-C561-4B4B-8075-498C5872F8D0}.Release|Any CPU.Build.0 = Release|Any CPU
		{2B8765E1-8217-4A61-AA72-73FE8AC5E6F4}.Debug|Any CPU.ActiveCfg = Debug|Any CPU
		{2B8765E1-8217-4A61-AA72-73FE8AC5E6F4}.Debug|Any CPU.Build.0 = Debug|Any CPU
		{2B8765E1-8217-4A61-AA72-73FE8AC5E6F4}.Release|Any CPU.ActiveCfg = Release|Any CPU
		{2B8765E1-8217-4A61-AA72-73FE8AC5E6F4}.Release|Any CPU.Build.0 = Release|Any CPU
		{5A8AB0BD-2C02-4F5E-9297-1FB9133F1843}.Debug|Any CPU.ActiveCfg = Debug|Any CPU
		{5A8AB0BD-2C02-4F5E-9297-1FB9133F1843}.Debug|Any CPU.Build.0 = Debug|Any CPU
		{5A8AB0BD-2C02-4F5E-9297-1FB9133F1843}.Release|Any CPU.ActiveCfg = Release|Any CPU
		{5A8AB0BD-2C02-4F5E-9297-1FB9133F1843}.Release|Any CPU.Build.0 = Release|Any CPU
	EndGlobalSection
	GlobalSection(SolutionProperties) = preSolution
		HideSolutionNode = FALSE
	EndGlobalSection
	GlobalSection(ExtensibilityGlobals) = postSolution
		SolutionGuid = {1ED3D790-9825-4C68-93DD-22FED9E37D3F}
	EndGlobalSection
EndGlobal
