
Microsoft Visual Studio Solution File, Format Version 12.00
# Visual Studio Version 17
VisualStudioVersion = 17.8.34309.116
MinimumVisualStudioVersion = 10.0.40219.1
Project("{9A19103F-16F7-4668-BE54-9A1E7A4F7556}") = "SimpleCRUD&Query", "SimpleCRUD&Query\SimpleCRUD&Query.csproj", "{CDBAFC3E-137B-41AF-9312-6E1C9E56D1E8}"
EndProject
Project("{FAE04EC0-301F-11D3-BF4B-00C04F79EFBC}") = "Functions", "Functions\Functions.csproj", "{A80AAF6D-E643-4915-B647-84982BA4F1FE}"
EndProject
Global
	GlobalSection(SolutionConfigurationPlatforms) = preSolution
		Debug|Any CPU = Debug|Any CPU
		Release|Any CPU = Release|Any CPU
	EndGlobalSection
	GlobalSection(ProjectConfigurationPlatforms) = postSolution
		{CDBAFC3E-137B-41AF-9312-6E1C9E56D1E8}.Debug|Any CPU.ActiveCfg = Debug|Any CPU
		{CDBAFC3E-137B-41AF-9312-6E1C9E56D1E8}.Debug|Any CPU.Build.0 = Debug|Any CPU
		{CDBAFC3E-137B-41AF-9312-6E1C9E56D1E8}.Release|Any CPU.ActiveCfg = Release|Any CPU
		{CDBAFC3E-137B-41AF-9312-6E1C9E56D1E8}.Release|Any CPU.Build.0 = Release|Any CPU
		{A80AAF6D-E643-4915-B647-84982BA4F1FE}.Debug|Any CPU.ActiveCfg = Debug|Any CPU
		{A80AAF6D-E643-4915-B647-84982BA4F1FE}.Debug|Any CPU.Build.0 = Debug|Any CPU
		{A80AAF6D-E643-4915-B647-84982BA4F1FE}.Release|Any CPU.ActiveCfg = Release|Any CPU
		{A80AAF6D-E643-4915-B647-84982BA4F1FE}.Release|Any CPU.Build.0 = Release|Any CPU
	EndGlobalSection
	GlobalSection(SolutionProperties) = preSolution
		HideSolutionNode = FALSE
	EndGlobalSection
	GlobalSection(ExtensibilityGlobals) = postSolution
		SolutionGuid = {1ED3D790-9825-4C68-93DD-22FED9E37D3F}
	EndGlobalSection
EndGlobal
